<?xml version="1.0" encoding="utf-8"?>
<Project ToolsVersion="4.0" xmlns="http://schemas.microsoft.com/developer/msbuild/2003">
  <ItemGroup>
    <Filter Include="Source Files">
      <UniqueIdentifier>{4FC737F1-C7A5-4376-A066-2A32D752A2FF}</UniqueIdentifier>
      <Extensions>cpp;c;cc;cxx;c++;cppm;ixx;def;odl;idl;hpj;bat;asm;asmx</Extensions>
    </Filter>
    <Filter Include="Header Files">
      <UniqueIdentifier>{93995380-89BD-4b04-88EB-625FBE52EBFB}</UniqueIdentifier>
      <Extensions>h;hh;hpp;hxx;h++;hm;inl;inc;ipp;xsd</Extensions>
    </Filter>
    <Filter Include="Resource Files">
      <UniqueIdentifier>{67DA6AB6-F800-4c08-8B7A-83BB121AAD01}</UniqueIdentifier>
      <Extensions>rc;ico;cur;bmp;dlg;rc2;rct;bin;rgs;gif;jpg;jpeg;jpe;resx;tiff;tif;png;wav;mfcribbon-ms</Extensions>
    </Filter>
  </ItemGroup>
  <ItemGroup>
    <ClCompile Include="Infernus.cpp">
      <Filter>Source Files</Filter>
    </ClCompile>
    <ClCompile Include="Client\ClientHandler.cpp">
      <Filter>Source Files</Filter>
    </ClCompile>
    <ClCompile Include="Other\VComponent.cpp">
      <Filter>Source Files</Filter>
    </ClCompile>
    <ClCompile Include="Other\Utils.cpp">
      <Filter>Source Files</Filter>
    </ClCompile>
    <ClCompile Include="Other\RenderUtils.cpp">
      <Filter>Source Files</Filter>
    </ClCompile>
  </ItemGroup>
  <ItemGroup>
    <ClInclude Include="Other\Utils.h">
      <Filter>Header Files</Filter>
    </ClInclude>
    <ClInclude Include="Client\ClientHandler.h">
      <Filter>Header Files</Filter>
    </ClInclude>
    <ClInclude Include="Other\VComponent.h">
      <Filter>Header Files</Filter>
    </ClInclude>
    <ClInclude Include="Client\Categories\Combat.h">
      <Filter>Header Files</Filter>
    </ClInclude>
    <ClInclude Include="Client\Categories\Movement.h">
      <Filter>Header Files</Filter>
    </ClInclude>
    <ClInclude Include="Client\Categories\Player.h">
      <Filter>Header Files</Filter>
    </ClInclude>
    <ClInclude Include="Client\Categories\Visuals.h">
      <Filter>Header Files</Filter>
    </ClInclude>
    <ClInclude Include="Client\Categories\World.h">
      <Filter>Header Files</Filter>
    </ClInclude>
    <ClInclude Include="Client\Categories\Other.h">
      <Filter>Header Files</Filter>
    </ClInclude>
    <ClInclude Include="Client\Modules\AirJump.h">
      <Filter>Header Files</Filter>
    </ClInclude>
    <ClInclude Include="Client\Hooks\KeyHook.h">
      <Filter>Header Files</Filter>
    </ClInclude>
    <ClInclude Include="SDK\Minecraft.h">
      <Filter>Header Files</Filter>
    </ClInclude>
    <ClInclude Include="SDK\Classes\ClientInstance.h">
      <Filter>Header Files</Filter>
    </ClInclude>
    <ClInclude Include="SDK\Classes\Entity.h">
      <Filter>Header Files</Filter>
    </ClInclude>
    <ClInclude Include="SDK\Classes\TextHolder.h">
      <Filter>Header Files</Filter>
    </ClInclude>
    <ClInclude Include="SDK\Classes\BlockLegacy.h">
      <Filter>Header Files</Filter>
    </ClInclude>
    <ClInclude Include="SDK\Classes\MultiPlayerLevel.h">
      <Filter>Header Files</Filter>
    </ClInclude>
    <ClInclude Include="SDK\Classes\GameMode.h">
      <Filter>Header Files</Filter>
    </ClInclude>
    <ClInclude Include="SDK\Classes\InventoryTransaction.h">
      <Filter>Header Files</Filter>
    </ClInclude>
    <ClInclude Include="SDK\Classes\ItemStack.h">
      <Filter>Header Files</Filter>
    </ClInclude>
    <ClInclude Include="SDK\Classes\LoopbackPacketSender.h">
      <Filter>Header Files</Filter>
    </ClInclude>
    <ClInclude Include="SDK\Classes\Packet.h">
      <Filter>Header Files</Filter>
    </ClInclude>
    <ClInclude Include="SDK\Classes\PlayerInventory.h">
      <Filter>Header Files</Filter>
    </ClInclude>
    <ClInclude Include="SDK\Classes\MinecraftUIRenderContext.h">
      <Filter>Header Files</Filter>
    </ClInclude>
    <ClInclude Include="Other\RenderUtils.h">
      <Filter>Header Files</Filter>
    </ClInclude>
    <ClInclude Include="Client\Hooks\RenderHook.h">
      <Filter>Header Files</Filter>
    </ClInclude>
    <ClInclude Include="Client\Menus\TabGui.h">
      <Filter>Header Files</Filter>
    </ClInclude>
    <ClInclude Include="Client\Hooks\ClientInstanceHook.h">
      <Filter>Header Files</Filter>
    </ClInclude>
    <ClInclude Include="Client\Hooks\GameModeHook.h">
      <Filter>Header Files</Filter>
    </ClInclude>
    <ClInclude Include="Client\Modules\Jetpack.h">
      <Filter>Header Files</Filter>
    </ClInclude>
    <ClInclude Include="Client\Menus\ModuleList.h">
      <Filter>Header Files</Filter>
    </ClInclude>
    <ClInclude Include="Client\Modules\Uninject.h">
      <Filter>Header Files</Filter>
    </ClInclude>
    <ClInclude Include="Client\Modules\AntiBot.h">
      <Filter>Header Files</Filter>
    </ClInclude>
    <ClInclude Include="Client\Modules\Killaura.h">
      <Filter>Header Files</Filter>
    </ClInclude>
    <ClInclude Include="Client\Hooks\MultiPlayerLevelHook.h">
      <Filter>Header Files</Filter>
    </ClInclude>
    <ClInclude Include="Client\Modules\Hitbox.h">
      <Filter>Header Files</Filter>
    </ClInclude>
    <ClInclude Include="Client\Modules\AutoSprint.h">
      <Filter>Header Files</Filter>
    </ClInclude>
    <ClInclude Include="Client\Modules\Scaffold.h">
      <Filter>Header Files</Filter>
    </ClInclude>
    <ClInclude Include="Client\Hooks\EntityHooks.h">
      <Filter>Header Files</Filter>
    </ClInclude>
    <ClInclude Include="Client\Modules\Velocity.h">
      <Filter>Header Files</Filter>
    </ClInclude>
    <ClInclude Include="Client\Modules\HighJump.h">
      <Filter>Header Files</Filter>
    </ClInclude>
    <ClInclude Include="Client\Menus\ClickGui.h">
      <Filter>Header Files</Filter>
    </ClInclude>
    <ClInclude Include="Client\Hooks\MouseHook.h">
      <Filter>Header Files</Filter>
    </ClInclude>
    <ClInclude Include="Client\Modules\Speed.h">
      <Filter>Header Files</Filter>
    </ClInclude>
    <ClInclude Include="Client\Modules\NoWeb.h">
      <Filter>Header Files</Filter>
    </ClInclude>
    <ClInclude Include="Client\Modules\Phase.h">
      <Filter>Header Files</Filter>
    </ClInclude>
    <ClInclude Include="Client\Modules\Triggerbot.h">
      <Filter>Header Files</Filter>
    </ClInclude>
    <ClInclude Include="Client\Menus\HUD.h">
      <Filter>Header Files</Filter>
    </ClInclude>
    <ClInclude Include="Client\Modules\Nuker.h">
      <Filter>Header Files</Filter>
    </ClInclude>
    <ClInclude Include="Client\Modules\Criticals.h">
      <Filter>Header Files</Filter>
    </ClInclude>
    <ClInclude Include="Client\Hooks\NetworkHook.h">
      <Filter>Header Files</Filter>
    </ClInclude>
    <ClInclude Include="Client\Modules\NoFall.h">
      <Filter>Header Files</Filter>
    </ClInclude>
    <ClInclude Include="Client\Modules\NoSlowDown.h">
      <Filter>Header Files</Filter>
    </ClInclude>
    <ClInclude Include="Client\Modules\CrystalAura.h">
      <Filter>Header Files</Filter>
    </ClInclude>
    <ClInclude Include="Client\Modules\Surround.h">
      <Filter>Header Files</Filter>
    </ClInclude>
    <ClInclude Include="Client\Modules\Flight.h">
      <Filter>Header Files</Filter>
    </ClInclude>
    <ClInclude Include="Client\Modules\PlayerWarning.h">
      <Filter>Header Files</Filter>
    </ClInclude>
    <ClInclude Include="Client\Modules\Misplace.h">
      <Filter>Header Files</Filter>
    </ClInclude>
    <ClInclude Include="Client\Hooks\BlockHooks.h">
      <Filter>Header Files</Filter>
    </ClInclude>
    <ClInclude Include="Client\Modules\Xray.h">
      <Filter>Header Files</Filter>
    </ClInclude>
    <ClInclude Include="Client\Modules\Aimbot.h">
      <Filter>Header Files</Filter>
    </ClInclude>
    <ClInclude Include="Client\Modules\AutoTotem.h">
      <Filter>Header Files</Filter>
    </ClInclude>
    <ClInclude Include="Client\Commands\TestCommand.h">
      <Filter>Header Files</Filter>
    </ClInclude>
    <ClInclude Include="Client\Modules\BunnyHop.h">
      <Filter>Header Files</Filter>
    </ClInclude>
    <ClInclude Include="Client\Modules\ClickTP.h">
      <Filter>Header Files</Filter>
    </ClInclude>
    <ClInclude Include="Client\Modules\ChestAura.h">
      <Filter>Header Files</Filter>
    </ClInclude>
    <ClInclude Include="Client\Modules\WarpSpeed.h">
      <Filter>Header Files</Filter>
    </ClInclude>
    <ClInclude Include="Client\Modules\Fullbright.h">
      <Filter>Header Files</Filter>
    </ClInclude>
    <ClInclude Include="Client\Modules\NoPacket.h">
      <Filter>Header Files</Filter>
    </ClInclude>
    <ClInclude Include="Client\Modules\Freecam.h">
      <Filter>Header Files</Filter>
    </ClInclude>
    <ClInclude Include="Client\Modules\Spammer.h">
      <Filter>Header Files</Filter>
    </ClInclude>
    <ClInclude Include="Client\Commands\SpamCommand.h">
      <Filter>Header Files</Filter>
    </ClInclude>
    <ClInclude Include="Client\Modules\Jesus.h">
      <Filter>Header Files</Filter>
    </ClInclude>
    <ClInclude Include="Client\Modules\DeathBack.h">
      <Filter>Header Files</Filter>
    </ClInclude>
    <ClInclude Include="Client\Modules\Spider.h">
      <Filter>Header Files</Filter>
    </ClInclude>
    <ClInclude Include="Client\Modules\BoostHit.h">
      <Filter>Header Files</Filter>
    </ClInclude>
    <ClInclude Include="Client\Modules\Instabreak.h">
      <Filter>Header Files</Filter>
    </ClInclude>
    <ClInclude Include="Client\Modules\HitTP.h">
      <Filter>Header Files</Filter>
    </ClInclude>
    <ClInclude Include="Client\Modules\TPAura.h">
      <Filter>Header Files</Filter>
    </ClInclude>
    <ClInclude Include="Client\Modules\Nametags.h">
      <Filter>Header Files</Filter>
    </ClInclude>
    <ClInclude Include="Client\Modules\StackableItems.h">
      <Filter>Header Files</Filter>
    </ClInclude>
    <ClInclude Include="Client\Modules\TorchBreaker.h">
      <Filter>Header Files</Filter>
    </ClInclude>
    <ClInclude Include="Client\Modules\TestModule.h">
      <Filter>Header Files</Filter>
    </ClInclude>
    <ClInclude Include="Client\Modules\FOV.h">
      <Filter>Header Files</Filter>
    </ClInclude>
    <ClInclude Include="Client\Commands\TeleportCommand.h">
      <Filter>Header Files</Filter>
    </ClInclude>
  </ItemGroup>
  <ItemGroup>
    <None Include="packages.config" />
  </ItemGroup>
</Project>